[[package]]
category = "main"
description = "Client for adonai server"
name = "adonai-client"
optional = false
python-versions = ">=3.7,<4.0"
version = "0.1.7"

[package.dependencies]
httpx = ">=0.11.1,<0.12.0"
sgqlc = ">=9.1,<10.0"

[[package]]
category = "dev"
description = "A few extensions to pyyaml."
name = "aspy.yaml"
optional = false
python-versions = ">=2.7, !=3.0.*, !=3.1.*, !=3.2.*, !=3.3.*"
version = "1.3.0"

[package.dependencies]
pyyaml = "*"

[[package]]
category = "dev"
description = "Version-bump your software with a single command!"
name = "bump2version"
optional = false
python-versions = ">=3.5"
version = "1.0.0"

[[package]]
category = "main"
description = "Python package for providing Mozilla's CA Bundle."
name = "certifi"
optional = false
python-versions = "*"
version = "2019.11.28"

[[package]]
category = "dev"
description = "Validate configuration and produce human readable error messages."
name = "cfgv"
optional = false
python-versions = ">=2.7, !=3.0.*, !=3.1.*, !=3.2.*, !=3.3.*"
version = "2.0.1"

[package.dependencies]
six = "*"

[[package]]
category = "main"
description = "Universal encoding detector for Python 2 and 3"
name = "chardet"
optional = false
python-versions = "*"
version = "3.0.4"

[[package]]
category = "dev"
description = "Discover and load entry points from installed packages."
name = "entrypoints"
optional = false
python-versions = ">=2.7"
version = "0.3"

[[package]]
category = "main"
description = "A library for automatically generating command line interfaces."
name = "fire"
optional = false
python-versions = "*"
version = "0.2.1"

[package.dependencies]
six = "*"
termcolor = "*"

[[package]]
category = "dev"
description = "the modular source code checker: pep8, pyflakes and co"
name = "flake8"
optional = false
python-versions = ">=2.7, !=3.0.*, !=3.1.*, !=3.2.*, !=3.3.*"
version = "3.7.9"

[package.dependencies]
entrypoints = ">=0.3.0,<0.4.0"
mccabe = ">=0.6.0,<0.7.0"
pycodestyle = ">=2.5.0,<2.6.0"
pyflakes = ">=2.1.0,<2.2.0"

[[package]]
category = "main"
description = "GraphQL implementation for Python, a port of GraphQL.js, the JavaScript reference implementation for GraphQL."
name = "graphql-core"
optional = false
python-versions = ">=3.6,<4"
version = "3.0.1"

[[package]]
category = "main"
description = "A pure-Python, bring-your-own-I/O implementation of HTTP/1.1"
name = "h11"
optional = false
python-versions = "*"
version = "0.9.0"

[[package]]
category = "main"
description = "HTTP/2 State-Machine based protocol implementation"
name = "h2"
optional = false
python-versions = "*"
version = "3.1.1"

[package.dependencies]
hpack = ">=2.3,<4"
hyperframe = ">=5.2.0,<6"

[[package]]
category = "main"
description = "Pure-Python HPACK header compression"
name = "hpack"
optional = false
python-versions = "*"
version = "3.0.0"

[[package]]
category = "main"
description = "Chromium HSTS Preload list as a Python package and updated daily"
name = "hstspreload"
optional = false
python-versions = ">=3.6"
version = "2020.1.17"

[[package]]
category = "main"
description = "The next generation HTTP client."
name = "httpx"
optional = false
python-versions = ">=3.6"
version = "0.11.1"

[package.dependencies]
certifi = "*"
chardet = ">=3.0.0,<4.0.0"
h11 = ">=0.8,<0.10"
h2 = ">=3.0.0,<4.0.0"
hstspreload = "*"
idna = ">=2.0.0,<3.0.0"
rfc3986 = ">=1.3,<2"
sniffio = ">=1.0.0,<2.0.0"
urllib3 = ">=1.0.0,<2.0.0"

[[package]]
category = "main"
description = "HTTP/2 framing layer for Python"
name = "hyperframe"
optional = false
python-versions = "*"
version = "5.2.0"

[[package]]
category = "dev"
description = "File identification library for Python"
name = "identify"
optional = false
python-versions = "!=3.0.*,!=3.1.*,!=3.2.*,!=3.3.*,>=2.7"
version = "1.4.10"

[[package]]
category = "main"
description = "Internationalized Domain Names in Applications (IDNA)"
name = "idna"
optional = false
python-versions = ">=2.7, !=3.0.*, !=3.1.*, !=3.2.*, !=3.3.*"
version = "2.8"

[[package]]
category = "dev"
description = "Read metadata from Python packages"
marker = "python_version < \"3.8\""
name = "importlib-metadata"
optional = false
python-versions = "!=3.0.*,!=3.1.*,!=3.2.*,!=3.3.*,!=3.4.*,>=2.7"
version = "1.4.0"

[package.dependencies]
zipp = ">=0.5"

[[package]]
category = "dev"
description = "McCabe checker, plugin for flake8"
name = "mccabe"
optional = false
python-versions = "*"
version = "0.6.1"

[[package]]
category = "dev"
description = "More routines for operating on iterables, beyond itertools"
marker = "python_version < \"3.8\""
name = "more-itertools"
optional = false
python-versions = ">=3.5"
version = "8.1.0"

[[package]]
category = "dev"
description = "Node.js virtual environment builder"
name = "nodeenv"
optional = false
python-versions = "*"
version = "1.3.4"

[[package]]
category = "dev"
description = "A framework for managing and maintaining multi-language pre-commit hooks."
name = "pre-commit"
optional = false
python-versions = "!=3.0.*,!=3.1.*,!=3.2.*,!=3.3.*,!=3.4.*,>=2.7"
version = "1.21.0"

[package.dependencies]
"aspy.yaml" = "*"
cfgv = ">=2.0.0"
identify = ">=1.0.0"
nodeenv = ">=0.11.1"
pyyaml = "*"
six = "*"
toml = "*"
virtualenv = ">=15.2"

[package.dependencies.importlib-metadata]
python = "<3.8"
version = "*"

[[package]]
category = "dev"
description = "Python style guide checker"
name = "pycodestyle"
optional = false
python-versions = ">=2.7, !=3.0.*, !=3.1.*, !=3.2.*, !=3.3.*"
version = "2.5.0"

[[package]]
category = "dev"
description = "passive checker of Python programs"
name = "pyflakes"
optional = false
python-versions = ">=2.7, !=3.0.*, !=3.1.*, !=3.2.*, !=3.3.*"
version = "2.1.1"

[[package]]
category = "dev"
description = "YAML parser and emitter for Python"
name = "pyyaml"
optional = false
python-versions = ">=2.7, !=3.0.*, !=3.1.*, !=3.2.*, !=3.3.*, !=3.4.*"
version = "5.3"

[[package]]
category = "main"
description = "Validating URI References per RFC 3986"
name = "rfc3986"
optional = false
python-versions = "*"
version = "1.3.2"

[[package]]
category = "main"
description = "Simple GraphQL Client"
name = "sgqlc"
optional = false
python-versions = ">=3.6"
version = "9.1"

[package.dependencies]
graphql-core = "*"

[[package]]
category = "main"
description = "Simple, fast, extensible JSON encoder/decoder for Python"
name = "simplejson"
optional = false
python-versions = ">=2.5, !=3.0.*, !=3.1.*, !=3.2.*"
version = "3.17.0"

[[package]]
category = "main"
description = "Python 2 and 3 compatibility utilities"
name = "six"
optional = false
python-versions = ">=2.7, !=3.0.*, !=3.1.*, !=3.2.*"
version = "1.14.0"

[[package]]
category = "main"
description = "Sniff out which async library your code is running under"
name = "sniffio"
optional = false
python-versions = ">=3.5"
version = "1.1.0"

[[package]]
category = "main"
description = "ANSII Color formatting for output in terminal."
name = "termcolor"
optional = false
python-versions = "*"
version = "1.1.0"

[[package]]
category = "main"
description = "Pretty tables in the terminal"
name = "termtables"
optional = false
python-versions = ">=3"
version = "0.1.1"

[[package]]
category = "dev"
description = "Python Library for Tom's Obvious, Minimal Language"
name = "toml"
optional = false
python-versions = "*"
version = "0.10.0"

[[package]]
category = "main"
description = "HTTP library with thread-safe connection pooling, file post, and more."
name = "urllib3"
optional = false
python-versions = ">=2.7, !=3.0.*, !=3.1.*, !=3.2.*, !=3.3.*, <4"
version = "1.25.7"

[[package]]
category = "dev"
description = "Virtual Python Environment builder"
name = "virtualenv"
optional = false
python-versions = "!=3.0.*,!=3.1.*,!=3.2.*,!=3.3.*,>=2.7"
version = "16.7.9"

[[package]]
category = "dev"
description = "Backport of pathlib-compatible object wrapper for zip files"
marker = "python_version < \"3.8\""
name = "zipp"
optional = false
python-versions = ">=2.7"
version = "1.0.0"

[package.dependencies]
more-itertools = "*"

[metadata]
content-hash = "d6d61e9dc90741020ececd69793771bc643080ee3b2b3f1a7bbf7e01832f6650"
python-versions = "^3.7"

[metadata.hashes]
adonai-client = ["a3c60433783b236215ccfbc904b620a7d349d222181b07ed84f5fbc04b93b9fe", "fdeeb70e566a02f19279f9707e12b983d963c3edfd62e59d9e913d6122fe55ce"]
"aspy.yaml" = ["463372c043f70160a9ec950c3f1e4c3a82db5fca01d334b6bc89c7164d744bdc", "e7c742382eff2caed61f87a39d13f99109088e5e93f04d76eb8d4b28aa143f45"]
bump2version = ["477f0e18a0d58e50bb3dbc9af7fcda464fd0ebfc7a6151d8888602d7153171a0", "cd4f3a231305e405ed8944d8ff35bd742d9bc740ad62f483bd0ca21ce7131984"]
certifi = ["017c25db2a153ce562900032d5bc68e9f191e44e9a0f762f373977de9df1fbb3", "25b64c7da4cd7479594d035c08c2d809eb4aab3a26e5a990ea98cc450c320f1f"]
cfgv = ["edb387943b665bf9c434f717bf630fa78aecd53d5900d2e05da6ad6048553144", "fbd93c9ab0a523bf7daec408f3be2ed99a980e20b2d19b50fc184ca6b820d289"]
chardet = ["84ab92ed1c4d4f16916e05906b6b75a6c0fb5db821cc65e70cbd64a3e2a5eaae", "fc323ffcaeaed0e0a02bf4d117757b98aed530d9ed4531e3e15460124c106691"]
entrypoints = ["589f874b313739ad35be6e0cd7efde2a4e9b6fea91edcc34e58ecbb8dbe56d19", "c70dd71abe5a8c85e55e12c19bd91ccfeec11a6e99044204511f9ed547d48451"]
fire = ["6865fefc6981a713d2ce56a2a2c92c56c729269f74a6cddd6f4b94d16ae084c9"]
flake8 = ["45681a117ecc81e870cbf1262835ae4af5e7a8b08e40b944a8a6e6b895914cfb", "49356e766643ad15072a789a20915d3c91dc89fd313ccd71802303fd67e4deca"]
graphql-core = ["1bd80ea6674638959838ae4ae93da0a06bea3ebed775fd5a25fe6e71e3138f5e", "4b35393a5713c1cb548579d79ce3364a8d9213bc186d74d81d2ba6f4babfe101"]
h11 = ["33d4bca7be0fa039f4e84d50ab00531047e53d6ee8ffbc83501ea602c169cae1", "4bc6d6a1238b7615b266ada57e0618568066f57dd6fa967d1290ec9309b2f2f1"]
h2 = ["ac377fcf586314ef3177bfd90c12c7826ab0840edeb03f0f24f511858326049e", "b8a32bd282594424c0ac55845377eea13fa54fe4a8db012f3a198ed923dc3ab4"]
hpack = ["0edd79eda27a53ba5be2dfabf3b15780928a0dff6eb0c60a3d6767720e970c89", "8eec9c1f4bfae3408a3f30500261f7e6a65912dc138526ea054f9ad98892e9d2"]
hstspreload = ["1cde56803877ad3aa0a4aa91d0c9c52203f4b7ceb93280c87ad399d3fd79679c"]
httpx = ["1d3893d3e4244c569764a6bae5c5a9fbbc4a6ec3825450b5696602af7a275576", "7d2bfb726eeed717953d15dddb22da9c2fcf48a4d70ba1456aa0a7faeda33cf7"]
hyperframe = ["5187962cb16dcc078f23cb5a4b110098d546c3f41ff2d4038a9896893bbd0b40", "a9f5c17f2cc3c719b917c4f33ed1c61bd1f8dfac4b1bd23b7c80b3400971b41f"]
identify = ["418f3b2313ac0b531139311a6b426854e9cbdfcfb6175447a5039aa6291d8b30", "8ad99ed1f3a965612dcb881435bf58abcfbeb05e230bb8c352b51e8eac103360"]
idna = ["c357b3f628cf53ae2c4c05627ecc484553142ca23264e593d327bcde5e9c3407", "ea8b7f6188e6fa117537c3df7da9fc686d485087abf6ac197f9c46432f7e4a3c"]
importlib-metadata = ["bdd9b7c397c273bcc9a11d6629a38487cd07154fa255a467bf704cd2c258e359", "f17c015735e1a88296994c0697ecea7e11db24290941983b08c9feb30921e6d8"]
mccabe = ["ab8a6258860da4b6677da4bd2fe5dc2c659cff31b3ee4f7f5d64e79735b80d42", "dd8d182285a0fe56bace7f45b5e7d1a6ebcbf524e8f3bd87eb0f125271b8831f"]
more-itertools = ["1a2a32c72400d365000412fe08eb4a24ebee89997c18d3d147544f70f5403b39", "c468adec578380b6281a114cb8a5db34eb1116277da92d7c46f904f0b52d3288"]
nodeenv = ["561057acd4ae3809e665a9aaaf214afff110bbb6a6d5c8a96121aea6878408b3"]
pre-commit = ["8f48d8637bdae6fa70cc97db9c1dd5aa7c5c8bf71968932a380628c25978b850", "f92a359477f3252452ae2e8d3029de77aec59415c16ae4189bcfba40b757e029"]
pycodestyle = ["95a2219d12372f05704562a14ec30bc76b05a5b297b21a5dfe3f6fac3491ae56", "e40a936c9a450ad81df37f549d676d127b1b66000a6c500caa2b085bc0ca976c"]
pyflakes = ["17dbeb2e3f4d772725c777fabc446d5634d1038f234e77343108ce445ea69ce0", "d976835886f8c5b31d47970ed689944a0262b5f3afa00a5a7b4dc81e5449f8a2"]
pyyaml = ["059b2ee3194d718896c0ad077dd8c043e5e909d9180f387ce42012662a4946d6", "1cf708e2ac57f3aabc87405f04b86354f66799c8e62c28c5fc5f88b5521b2dbf", "24521fa2890642614558b492b473bee0ac1f8057a7263156b02e8b14c88ce6f5", "4fee71aa5bc6ed9d5f116327c04273e25ae31a3020386916905767ec4fc5317e", "70024e02197337533eef7b85b068212420f950319cc8c580261963aefc75f811", "74782fbd4d4f87ff04159e986886931456a1894c61229be9eaf4de6f6e44b99e", "940532b111b1952befd7db542c370887a8611660d2b9becff75d39355303d82d", "cb1f2f5e426dc9f07a7681419fe39cee823bb74f723f36f70399123f439e9b20", "dbbb2379c19ed6042e8f11f2a2c66d39cceb8aeace421bfc29d085d93eda3689", "e3a057b7a64f1222b56e47bcff5e4b94c4f61faac04c7c4ecb1985e18caa3994", "e9f45bd5b92c7974e59bcd2dcc8631a6b6cc380a904725fce7bc08872e691615"]
rfc3986 = ["0344d0bd428126ce554e7ca2b61787b6a28d2bbd19fc70ed2dd85efe31176405", "df4eba676077cefb86450c8f60121b9ae04b94f65f85b69f3f731af0516b7b18"]
sgqlc = ["7f045c13b46433295f9401dc8b82f75ef8a72b9801a7575b35e45dbcf4334af7", "9c7e20bbc7438acf34b53115bc3654b650419a8d6ba70bc4593728ff594ca5bc", "fa4459a6e5709314acf9cd22d8f37e4b580388273c0c000035a09ce5588c8cd8"]
simplejson = ["0fe3994207485efb63d8f10a833ff31236ed27e3b23dadd0bf51c9900313f8f2", "17163e643dbf125bb552de17c826b0161c68c970335d270e174363d19e7ea882", "1d1e929cdd15151f3c0b2efe953b3281b2fd5ad5f234f77aca725f28486466f6", "1d346c2c1d7dd79c118f0cc7ec5a1c4127e0c8ffc83e7b13fc5709ff78c9bb84", "1ea59f570b9d4916ae5540a9181f9c978e16863383738b69a70363bc5e63c4cb", "1fbba86098bbfc1f85c5b69dc9a6d009055104354e0d9880bb00b692e30e0078", "229edb079d5dd81bf12da952d4d825bd68d1241381b37d3acf961b384c9934de", "22a7acb81968a7c64eba7526af2cf566e7e2ded1cb5c83f0906b17ff1540f866", "2b4b2b738b3b99819a17feaf118265d0753d5536049ea570b3c43b51c4701e81", "4cf91aab51b02b3327c9d51897960c554f00891f9b31abd8a2f50fd4a0071ce8", "4fd5f79590694ebff8dc980708e1c182d41ce1fda599a12189f0ca96bf41ad70", "5cfd495527f8b85ce21db806567de52d98f5078a8e9427b18e251c68bd573a26", "60aad424e47c5803276e332b2a861ed7a0d46560e8af53790c4c4fb3420c26c2", "7739940d68b200877a15a5ff5149e1599737d6dd55e302625650629350466418", "7cce4bac7e0d66f3a080b80212c2238e063211fe327f98d764c6acbc214497fc", "8027bd5f1e633eb61b8239994e6fc3aba0346e76294beac22a892eb8faa92ba1", "86afc5b5cbd42d706efd33f280fec7bd7e2772ef54e3f34cf6b30777cd19a614", "87d349517b572964350cc1adc5a31b493bbcee284505e81637d0174b2758ba17", "8de378d589eccbc75941e480b4d5b4db66f22e4232f87543b136b1f093fff342", "926bcbef9eb60e798eabda9cd0bbcb0fca70d2779aa0aa56845749d973eb7ad5", "9a126c3a91df5b1403e965ba63b304a50b53d8efc908a8c71545ed72535374a3", "ad8dd3454d0c65c0f92945ac86f7b9efb67fa2040ba1b0189540e984df904378", "d140e9376e7f73c1f9e0a8e3836caf5eec57bbafd99259d56979da05a6356388", "da00675e5e483ead345429d4f1374ab8b949fba4429d60e71ee9d030ced64037", "daaf4d11db982791be74b23ff4729af2c7da79316de0bebf880fa2d60bcc8c5a", "f4b64a1031acf33e281fd9052336d6dad4d35eee3404c95431c8c6bc7a9c0588", "fc046afda0ed8f5295212068266c92991ab1f4a50c6a7144b69364bdee4a0159", "fc9051d249dd5512e541f20330a74592f7a65b2d62e18122ca89bf71f94db748"]
six = ["236bdbdce46e6e6a3d61a337c0f8b763ca1e8717c03b369e87a7ec7ce1319c0a", "8f3cd2e254d8f793e7f3d6d9df77b92252b52637291d0f0da013c76ea2724b6c"]
sniffio = ["20ed6d5b46f8ae136d00b9dcb807615d83ed82ceea6b2058cecb696765246da5", "8e3810100f69fe0edd463d02ad407112542a11ffdc29f67db2bf3771afb87a21"]
termcolor = ["1d6d69ce66211143803fbc56652b41d73b4a400a2891d7bf7a1cdf4c02de613b"]
termtables = ["0fd321f7f478001f824896b4dbc5af0cf296ecf3c4aa450018cdcd31b4880b6e", "762ba718cae224917fd8e1eda5cbfb33027ab6c86cfb9dd676e35f0c6516b4bf"]
toml = ["229f81c57791a41d65e399fc06bf0848bab550a9dfd5ed66df18ce5f05e73d5c", "235682dd292d5899d361a811df37e04a8828a5b1da3115886b73cf81ebc9100e", "f1db651f9657708513243e61e6cc67d101a39bad662eaa9b5546f789338e07a3"]
urllib3 = ["a8a318824cc77d1fd4b2bec2ded92646630d7fe8619497b142c84a9e6f5a7293", "f3c5fd51747d450d4dcf6f923c81f78f811aab8205fda64b0aba34a4e48b0745"]
virtualenv = ["0d62c70883c0342d59c11d0ddac0d954d0431321a41ab20851facf2b222598f3", "55059a7a676e4e19498f1aad09b8313a38fcc0cdbe4fdddc0e9b06946d21b4bb"]
zipp = ["8dda78f06bd1674bd8720df8a50bb47b6e1233c503a4eed8e7810686bde37656", "d38fbe01bbf7a3593a32bc35a9c4453c32bc42b98c377f9bff7e9f8da157786c"]
